
Microsoft Visual Studio Solution File, Format Version 12.00
# Visual Studio Version 17
VisualStudioVersion = 17.10.35004.147
MinimumVisualStudioVersion = 10.0.40219.1
Project("{9A19103F-16F7-4668-BE54-9A1E7A4F7556}") = "SentryPOC", "SentryPOC.csproj", "{AFBDF832-241F-4670-96C0-2BA432CFE93E}"
EndProject
Global
	GlobalSection(SolutionConfigurationPlatforms) = preSolution
		Debug|Any CPU = Debug|Any CPU
		Release|Any CPU = Release|Any CPU
	EndGlobalSection
	GlobalSection(ProjectConfigurationPlatforms) = postSolution
		{AFBDF832-241F-4670-96C0-2BA432CFE93E}.Debug|Any CPU.ActiveCfg = Debug|Any CPU
		{AFBDF832-241F-4670-96C0-2BA432CFE93E}.Debug|Any CPU.Build.0 = Debug|Any CPU
		{AFBDF832-241F-4670-96C0-2BA432CFE93E}.Debug|Any CPU.Deploy.0 = Debug|Any CPU
		{AFBDF832-241F-4670-96C0-2BA432CFE93E}.Release|Any CPU.ActiveCfg = Release|Any CPU
		{AFBDF832-241F-4670-96C0-2BA432CFE93E}.Release|Any CPU.Build.0 = Release|Any CPU
		{AFBDF832-241F-4670-96C0-2BA432CFE93E}.Release|Any CPU.Deploy.0 = Release|Any CPU
	EndGlobalSection
	GlobalSection(SolutionProperties) = preSolution
		HideSolutionNode = FALSE
	EndGlobalSection
	GlobalSection(ExtensibilityGlobals) = postSolution
		SolutionGuid = {3EE23BEA-D721-4A5A-B067-992CAAAE1F55}
	EndGlobalSection
EndGlobal
